// !$*UTF8*$!
{
	archiveVersion = 1;
	classes = {
	};
	objectVersion = 46;
	objects = {

/* Begin PBXBuildFile section */
		C48FDEE21D1902C00063D713 /* AppDelegate.swift in Sources */ = {isa = PBXBuildFile; fileRef = C48FDEE11D1902C00063D713 /* AppDelegate.swift */; };
		C48FDEE41D1902C00063D713 /* ViewController.swift in Sources */ = {isa = PBXBuildFile; fileRef = C48FDEE31D1902C00063D713 /* ViewController.swift */; };
		C48FDEE61D1902C00063D713 /* Assets.xcassets in Resources */ = {isa = PBXBuildFile; fileRef = C48FDEE51D1902C00063D713 /* Assets.xcassets */; };
		C48FDEE91D1902C00063D713 /* Main.storyboard in Resources */ = {isa = PBXBuildFile; fileRef = C48FDEE71D1902C00063D713 /* Main.storyboard */; };
/* End PBXBuildFile section */

/* Begin PBXFileReference section */
		C48FDEDE1D1902C00063D713 /* LightBoard.app */ = {isa = PBXFileReference; explicitFileType = wrapper.application; includeInIndex = 0; path = LightBoard.app; sourceTree = BUILT_PRODUCTS_DIR; };
		C48FDEE11D1902C00063D713 /* AppDelegate.swift */ = {isa = PBXFileReference; lastKnownFileType = sourcecode.swift; path = AppDelegate.swift; sourceTree = "<group>"; };
		C48FDEE31D1902C00063D713 /* ViewController.swift */ = {isa = PBXFileReference; lastKnownFileType = sourcecode.swift; path = ViewController.swift; sourceTree = "<group>"; };
		C48FDEE51D1902C00063D713 /* Assets.xcassets */ = {isa = PBXFileReference; lastKnownFileType = folder.assetcatalog; path = Assets.xcassets; sourceTree = "<group>"; };
		C48FDEE81D1902C00063D713 /* Base */ = {isa = PBXFileReference; lastKnownFileType = file.storyboard; name = Base; path = Base.lproj/Main.storyboard; sourceTree = "<group>"; };
		C48FDEEA1D1902C00063D713 /* Info.plist */ = {isa = PBXFileReference; lastKnownFileType = text.plist.xml; path = Info.plist; sourceTree = "<group>"; };
/* End PBXFileReference section */

/* Begin PBXFrameworksBuildPhase section */
		C48FDEDB1D1902C00063D713 /* Frameworks */ = {
			isa = PBXFrameworksBuildPhase;
			buildActionMask = 2147483647;
			files = (
			);
			runOnlyForDeploymentPostprocessing = 0;
		};
/* End PBXFrameworksBuildPhase section */

/* Begin PBXGroup section */
		C48FDED51D1902C00063D713 = {
			isa = PBXGroup;
			children = (
				C48FDEE01D1902C00063D713 /* LightBoard */,
				C48FDEDF1D1902C00063D713 /* Products */,
			);
			sourceTree = "<group>";
		};
		C48FDEDF1D1902C00063D713 /* Products */ = {
			isa = PBXGroup;
			children = (
				C48FDEDE1D1902C00063D713 /* LightBoard.app */,
			);
			name = Products;
			sourceTree = "<group>";
		};
		C48FDEE01D1902C00063D713 /* LightBoard */ = {
			isa = PBXGroup;
			children = (
				C48FDEE11D1902C00063D713 /* AppDelegate.swift */,
				C48FDEE31D1902C00063D713 /* ViewController.swift */,
				C48FDEE51D1902C00063D713 /* Assets.xcassets */,
				C48FDEE71D1902C00063D713 /* Main.storyboard */,
				C48FDEEA1D1902C00063D713 /* Info.plist */,
			);
			path = LightBoard;
			sourceTree = "<group>";
		};
/* End PBXGroup section */

/* Begin PBXNativeTarget section */
		C48FDEDD1D1902C00063D713 /* LightBoard */ = {
			isa = PBXNativeTarget;
			buildConfigurationList = C48FDEED1D1902C00063D713 /* Build configuration list for PBXNativeTarget "LightBoard" */;
			buildPhases = (
				C48FDEDA1D1902C00063D713 /* Sources */,
				C48FDEDB1D1902C00063D713 /* Frameworks */,
				C48FDEDC1D1902C00063D713 /* Resources */,
			);
			buildRules = (
			);
			dependencies = (
			);
			name = LightBoard;
			productName = LightBoard;
			productReference = C48FDEDE1D1902C00063D713 /* LightBoard.app */;
			productType = "com.apple.product-type.application";
		};
/* End PBXNativeTarget section */

/* Begin PBXProject section */
		C48FDED61D1902C00063D713 /* Project object */ = {
			isa = PBXProject;
			attributes = {
				LastSwiftUpdateCheck = 0730;
				LastUpgradeCheck = 0730;
				ORGANIZATIONNAME = "Nakajima Kenta";
				TargetAttributes = {
					C48FDEDD1D1902C00063D713 = {
						CreatedOnToolsVersion = 7.3;
					};
				};
			};
			buildConfigurationList = C48FDED91D1902C00063D713 /* Build configuration list for PBXProject "LightBoard" */;
			compatibilityVersion = "Xcode 3.2";
			developmentRegion = English;
			hasScannedForEncodings = 0;
			knownRegions = (
				en,
				Base,
			);
			mainGroup = C48FDED51D1902C00063D713;
			productRefGroup = C48FDEDF1D1902C00063D713 /* Products */;
			projectDirPath = "";
			projectRoot = "";
			targets = (
				C48FDEDD1D1902C00063D713 /* LightBoard */,
			);
		};
/* End PBXProject section */

/* Begin PBXResourcesBuildPhase section */
		C48FDEDC1D1902C00063D713 /* Resources */ = {
			isa = PBXResourcesBuildPhase;
			buildActionMask = 2147483647;
			files = (
				C48FDEE61D1902C00063D713 /* Assets.xcassets in Resources */,
				C48FDEE91D1902C00063D713 /* Main.storyboard in Resources */,
			);
			runOnlyForDeploymentPostprocessing = 0;
		};
/* End PBXResourcesBuildPhase section */

/* Begin PBXSourcesBuildPhase section */
		C48FDEDA1D1902C00063D713 /* Sources */ = {
			isa = PBXSourcesBuildPhase;
			buildActionMask = 2147483647;
			files = (
				C48FDEE41D1902C00063D713 /* ViewController.swift in Sources */,
				C48FDEE21D1902C00063D713 /* AppDelegate.swift in Sources */,
			);
			runOnlyForDeploymentPostprocessing = 0;
		};
/* End PBXSourcesBuildPhase section */

/* Begin PBXVariantGroup section */
		C48FDEE71D1902C00063D713 /* Main.storyboard */ = {
			isa = PBXVariantGroup;
			children = (
				C48FDEE81D1902C00063D713 /* Base */,
			);
			name = Main.storyboard;
			sourceTree = "<group>";
		};
/* End PBXVariantGroup section */

/* Begin XCBuildConfiguration section */
		C48FDEEB1D1902C00063D713 /* Debug */ = {
			isa = XCBuildConfiguration;
			buildSettings = {
				ALWAYS_SEARCH_USER_PATHS = NO;
				CLANG_ANALYZER_NONNULL = YES;
				CLANG_CXX_LANGUAGE_STANDARD = "gnu++0x";
				CLANG_CXX_LIBRARY = "libc++";
				CLANG_ENABLE_MODULES = YES;
				CLANG_ENABLE_OBJC_ARC = YES;
				CLANG_WARN_BOOL_CONVERSION = YES;
				CLANG_WARN_CONSTANT_CONVERSION = YES;
				CLANG_WARN_DIRECT_OBJC_ISA_USAGE = YES_ERROR;
				CLANG_WARN_EMPTY_BODY = YES;
				CLANG_WARN_ENUM_CONVERSION = YES;
				CLANG_WARN_INT_CONVERSION = YES;
				CLANG_WARN_OBJC_ROOT_CLASS = YES_ERROR;
				CLANG_WARN_UNREACHABLE_CODE = YES;
				CLANG_WARN__DUPLICATE_METHOD_MATCH = YES;
				CODE_SIGN_IDENTITY = "-";
				COPY_PHASE_STRIP = NO;
				DEBUG_INFORMATION_FORMAT = dwarf;
				ENABLE_STRICT_OBJC_MSGSEND = YES;
				ENABLE_TESTABILITY = YES;
				GCC_C_LANGUAGE_STANDARD = gnu99;
				GCC_DYNAMIC_NO_PIC = NO;
				GCC_NO_COMMON_BLOCKS = YES;
				GCC_OPTIMIZATION_LEVEL = 0;
				GCC_PREPROCESSOR_DEFINITIONS = (
					"DEBUG=1",
					"$(inherited)",
				);
				GCC_WARN_64_TO_32_BIT_CONVERSION = YES;
				GCC_WARN_ABOUT_RETURN_TYPE = YES_ERROR;
				GCC_WARN_UNDECLARED_SELECTOR = YES;
				GCC_WARN_UNINITIALIZED_AUTOS = YES_AGGRESSIVE;
				GCC_WARN_UNUSED_FUNCTION = YES;
				GCC_WARN_UNUSED_VARIABLE = YES;
				MACOSX_DEPLOYMENT_TARGET = 10.11;
				MTL_ENABLE_DEBUG_INFO = YES;
				ONLY_ACTIVE_ARCH = YES;
				SDKROOT = macosx;
				SWIFT_OPTIMIZATION_LEVEL = "-Onone";
			};
			name = Debug;
		};
		C48FDEEC1D1902C00063D713 /* Release */ = {
			isa = XCBuildConfiguration;
			buildSettings = {
				ALWAYS_SEARCH_USER_PATHS = NO;
				CLANG_ANALYZER_NONNULL = YES;
				CLANG_CXX_LANGUAGE_STANDARD = "gnu++0x";
				CLANG_CXX_LIBRARY = "libc++";
				CLANG_ENABLE_MODULES = YES;
				CLANG_ENABLE_OBJC_ARC = YES;
				CLANG_WARN_BOOL_CONVERSION = YES;
				CLANG_WARN_CONSTANT_CONVERSION = YES;
				CLANG_WARN_DIRECT_OBJC_ISA_USAGE = YES_ERROR;
				CLANG_WARN_EMPTY_BODY = YES;
				CLANG_WARN_ENUM_CONVERSION = YES;
				CLANG_WARN_INT_CONVERSION = YES;
				CLANG_WARN_OBJC_ROOT_CLASS = YES_ERROR;
				CLANG_WARN_UNREACHABLE_CODE = YES;
				CLANG_WARN__DUPLICATE_METHOD_MATCH = YES;
				CODE_SIGN_IDENTITY = "-";
				COPY_PHASE_STRIP = NO;
				DEBUG_INFORMATION_FORMAT = "dwarf-with-dsym";
				ENABLE_NS_ASSERTIONS = NO;
				ENABLE_STRICT_OBJC_MSGSEND = YES;
				GCC_C_LANGUAGE_STANDARD = gnu99;
				GCC_NO_COMMON_BLOCKS = YES;
				GCC_WARN_64_TO_32_BIT_CONVERSION = YES;
				GCC_WARN_ABOUT_RETURN_TYPE = YES_ERROR;
				GCC_WARN_UNDECLARED_SELECTOR = YES;
				GCC_WARN_UNINITIALIZED_AUTOS = YES_AGGRESSIVE;
				GCC_WARN_UNUSED_FUNCTION = YES;
				GCC_WARN_UNUSED_VARIABLE = YES;
				MACOSX_DEPLOYMENT_TARGET = 10.11;
				MTL_ENABLE_DEBUG_INFO = NO;
				SDKROOT = macosx;
			};
			name = Release;
		};
		C48FDEEE1D1902C00063D713 /* Debug */ = {
			isa = XCBuildConfiguration;
			buildSettings = {
				ASSETCATALOG_COMPILER_APPICON_NAME = AppIcon;
				COMBINE_HIDPI_IMAGES = YES;
				INFOPLIST_FILE = LightBoard/Info.plist;
				LD_RUNPATH_SEARCH_PATHS = "$(inherited) @executable_path/../Frameworks";
				PRODUCT_BUNDLE_IDENTIFIER = jp.ginco.LightBoard;
				PRODUCT_NAME = "$(TARGET_NAME)";
			};
			name = Debug;
		};
		C48FDEEF1D1902C00063D713 /* Release */ = {
			isa = XCBuildConfiguration;
			buildSettings = {
				ASSETCATALOG_COMPILER_APPICON_NAME = AppIcon;
				COMBINE_HIDPI_IMAGES = YES;
				INFOPLIST_FILE = LightBoard/Info.plist;
				LD_RUNPATH_SEARCH_PATHS = "$(inherited) @executable_path/../Frameworks";
				PRODUCT_BUNDLE_IDENTIFIER = jp.ginco.LightBoard;
				PRODUCT_NAME = "$(TARGET_NAME)";
			};
			name = Release;
		};
/* End XCBuildConfiguration section */

/* Begin XCConfigurationList section */
		C48FDED91D1902C00063D713 /* Build configuration list for PBXProject "LightBoard" */ = {
			isa = XCConfigurationList;
			buildConfigurations = (
				C48FDEEB1D1902C00063D713 /* Debug */,
				C48FDEEC1D1902C00063D713 /* Release */,
			);
			defaultConfigurationIsVisible = 0;
			defaultConfigurationName = Release;
		};
		C48FDEED1D1902C00063D713 /* Build configuration list for PBXNativeTarget "LightBoard" */ = {
			isa = XCConfigurationList;
			buildConfigurations = (
				C48FDEEE1D1902C00063D713 /* Debug */,
				C48FDEEF1D1902C00063D713 /* Release */,
			);
			defaultConfigurationIsVisible = 0;
		};
/* End XCConfigurationList section */
	};
	rootObject = C48FDED61D1902C00063D713 /* Project object */;
}
